
Microsoft Visual Studio Solution File, Format Version 12.00
# Visual Studio Version 17
VisualStudioVersion = 17.1.32421.90
MinimumVisualStudioVersion = 10.0.40219.1
Project("{FAE04EC0-301F-11D3-BF4B-00C04F79EFBC}") = "Calculator", "Calculator\Calculator.csproj", "{B6DDE13D-6BEC-431A-B82B-F1667B80396D}"
EndProject
Global
	GlobalSection(SolutionConfigurationPlatforms) = preSolution
		Debug|Any CPU = Debug|Any CPU
		Release|Any CPU = Release|Any CPU
	EndGlobalSection
	GlobalSection(ProjectConfigurationPlatforms) = postSolution
		{B6DDE13D-6BEC-431A-B82B-F1667B80396D}.Debug|Any CPU.ActiveCfg = Debug|Any CPU
		{B6DDE13D-6BEC-431A-B82B-F1667B80396D}.Debug|Any CPU.Build.0 = Debug|Any CPU
		{B6DDE13D-6BEC-431A-B82B-F1667B80396D}.Release|Any CPU.ActiveCfg = Release|Any CPU
		{B6DDE13D-6BEC-431A-B82B-F1667B80396D}.Release|Any CPU.Build.0 = Release|Any CPU
	EndGlobalSection
	GlobalSection(SolutionProperties) = preSolution
		HideSolutionNode = FALSE
	EndGlobalSection
	GlobalSection(ExtensibilityGlobals) = postSolution
		SolutionGuid = {DC858CE0-69A4-415C-86A4-135ADE979EE9}
	EndGlobalSection
EndGlobal
